// !$*UTF8*$!
{
	archiveVersion = 1;
	classes = {
	};
	objectVersion = 46;
	objects = {

/* Begin PBXBuildFile section */
		9BB160B41EA9F25000F999AF /* RNPrintPDF.h in CopyFiles */ = {isa = PBXBuildFile; fileRef = 9BB160B31EA9F25000F999AF /* RNPrintPDF.h */; };
		9BB160B61EA9F25000F999AF /* RNPrintPDF.m in Sources */ = {isa = PBXBuildFile; fileRef = 9BB160B51EA9F25000F999AF /* RNPrintPDF.m */; };
		9BCD1E8E1EAA5EB400FD41B4 /* SMCloudServices.framework in Frameworks */ = {isa = PBXBuildFile; fileRef = 9BCD1E8B1EAA5EB300FD41B4 /* SMCloudServices.framework */; };
		9BCD1E8F1EAA5EB400FD41B4 /* StarIO.framework in Frameworks */ = {isa = PBXBuildFile; fileRef = 9BCD1E8C1EAA5EB300FD41B4 /* StarIO.framework */; };
		9BCD1E901EAA5EB400FD41B4 /* StarIO_Extension.framework in Frameworks */ = {isa = PBXBuildFile; fileRef = 9BCD1E8D1EAA5EB400FD41B4 /* StarIO_Extension.framework */; };
		9BCD1E9D1EAA5EF700FD41B4 /* NSData+MD5.m in Sources */ = {isa = PBXBuildFile; fileRef = 9BCD1E941EAA5EF700FD41B4 /* NSData+MD5.m */; };
		9BCD1E9E1EAA5EF700FD41B4 /* NSString+MD5.m in Sources */ = {isa = PBXBuildFile; fileRef = 9BCD1E961EAA5EF700FD41B4 /* NSString+MD5.m */; };
		9BCD1E9F1EAA5EF700FD41B4 /* PDFView.m in Sources */ = {isa = PBXBuildFile; fileRef = 9BCD1E981EAA5EF700FD41B4 /* PDFView.m */; };
		9BCD1EA01EAA5EF700FD41B4 /* UIImage+PDF.m in Sources */ = {isa = PBXBuildFile; fileRef = 9BCD1E9A1EAA5EF700FD41B4 /* UIImage+PDF.m */; };
		9BCD1EA11EAA5EF700FD41B4 /* UIView+Image.m in Sources */ = {isa = PBXBuildFile; fileRef = 9BCD1E9C1EAA5EF700FD41B4 /* UIView+Image.m */; };
		9BCD1EAA1EAA5F3A00FD41B4 /* PrinterFunctions.m in Sources */ = {isa = PBXBuildFile; fileRef = 9BCD1EA51EAA5F3A00FD41B4 /* PrinterFunctions.m */; };
		9BCD1EAB1EAA5F3A00FD41B4 /* RasterDocument.m in Sources */ = {isa = PBXBuildFile; fileRef = 9BCD1EA71EAA5F3A00FD41B4 /* RasterDocument.m */; };
		9BCD1EAC1EAA5F3A00FD41B4 /* StarBitmap.m in Sources */ = {isa = PBXBuildFile; fileRef = 9BCD1EA91EAA5F3A00FD41B4 /* StarBitmap.m */; };
		9BCD1EB41EAA636000FD41B4 /* CoreBluetooth.framework in Frameworks */ = {isa = PBXBuildFile; fileRef = 9BCD1EB31EAA636000FD41B4 /* CoreBluetooth.framework */; };
		9BCD1EB61EAA639000FD41B4 /* ExternalAccessory.framework in Frameworks */ = {isa = PBXBuildFile; fileRef = 9BCD1EB51EAA639000FD41B4 /* ExternalAccessory.framework */; };
/* End PBXBuildFile section */

/* Begin PBXCopyFilesBuildPhase section */
		9BB160AE1EA9F25000F999AF /* CopyFiles */ = {
			isa = PBXCopyFilesBuildPhase;
			buildActionMask = 2147483647;
			dstPath = "include/$(PRODUCT_NAME)";
			dstSubfolderSpec = 16;
			files = (
				9BB160B41EA9F25000F999AF /* RNPrintPDF.h in CopyFiles */,
			);
			runOnlyForDeploymentPostprocessing = 0;
		};
/* End PBXCopyFilesBuildPhase section */

/* Begin PBXFileReference section */
		9BB160B01EA9F25000F999AF /* libRNPrintPDF.a */ = {isa = PBXFileReference; explicitFileType = archive.ar; includeInIndex = 0; path = libRNPrintPDF.a; sourceTree = BUILT_PRODUCTS_DIR; };
		9BB160B31EA9F25000F999AF /* RNPrintPDF.h */ = {isa = PBXFileReference; lastKnownFileType = sourcecode.c.h; path = RNPrintPDF.h; sourceTree = "<group>"; };
		9BB160B51EA9F25000F999AF /* RNPrintPDF.m */ = {isa = PBXFileReference; lastKnownFileType = sourcecode.c.objc; path = RNPrintPDF.m; sourceTree = "<group>"; };
		9BCD1E891EAA5E4400FD41B4 /* YinYang.pdf */ = {isa = PBXFileReference; lastKnownFileType = image.pdf; path = YinYang.pdf; sourceTree = "<group>"; };
		9BCD1E8B1EAA5EB300FD41B4 /* SMCloudServices.framework */ = {isa = PBXFileReference; lastKnownFileType = wrapper.framework; path = SMCloudServices.framework; sourceTree = "<group>"; };
		9BCD1E8C1EAA5EB300FD41B4 /* StarIO.framework */ = {isa = PBXFileReference; lastKnownFileType = wrapper.framework; path = StarIO.framework; sourceTree = "<group>"; };
		9BCD1E8D1EAA5EB400FD41B4 /* StarIO_Extension.framework */ = {isa = PBXFileReference; lastKnownFileType = wrapper.framework; path = StarIO_Extension.framework; sourceTree = "<group>"; };
		9BCD1E931EAA5EF700FD41B4 /* NSData+MD5.h */ = {isa = PBXFileReference; fileEncoding = 4; lastKnownFileType = sourcecode.c.h; path = "NSData+MD5.h"; sourceTree = "<group>"; };
		9BCD1E941EAA5EF700FD41B4 /* NSData+MD5.m */ = {isa = PBXFileReference; fileEncoding = 4; lastKnownFileType = sourcecode.c.objc; path = "NSData+MD5.m"; sourceTree = "<group>"; };
		9BCD1E951EAA5EF700FD41B4 /* NSString+MD5.h */ = {isa = PBXFileReference; fileEncoding = 4; lastKnownFileType = sourcecode.c.h; path = "NSString+MD5.h"; sourceTree = "<group>"; };
		9BCD1E961EAA5EF700FD41B4 /* NSString+MD5.m */ = {isa = PBXFileReference; fileEncoding = 4; lastKnownFileType = sourcecode.c.objc; path = "NSString+MD5.m"; sourceTree = "<group>"; };
		9BCD1E971EAA5EF700FD41B4 /* PDFView.h */ = {isa = PBXFileReference; fileEncoding = 4; lastKnownFileType = sourcecode.c.h; path = PDFView.h; sourceTree = "<group>"; };
		9BCD1E981EAA5EF700FD41B4 /* PDFView.m */ = {isa = PBXFileReference; fileEncoding = 4; lastKnownFileType = sourcecode.c.objc; path = PDFView.m; sourceTree = "<group>"; };
		9BCD1E991EAA5EF700FD41B4 /* UIImage+PDF.h */ = {isa = PBXFileReference; fileEncoding = 4; lastKnownFileType = sourcecode.c.h; path = "UIImage+PDF.h"; sourceTree = "<group>"; };
		9BCD1E9A1EAA5EF700FD41B4 /* UIImage+PDF.m */ = {isa = PBXFileReference; fileEncoding = 4; lastKnownFileType = sourcecode.c.objc; path = "UIImage+PDF.m"; sourceTree = "<group>"; };
		9BCD1E9B1EAA5EF700FD41B4 /* UIView+Image.h */ = {isa = PBXFileReference; fileEncoding = 4; lastKnownFileType = sourcecode.c.h; path = "UIView+Image.h"; sourceTree = "<group>"; };
		9BCD1E9C1EAA5EF700FD41B4 /* UIView+Image.m */ = {isa = PBXFileReference; fileEncoding = 4; lastKnownFileType = sourcecode.c.objc; path = "UIView+Image.m"; sourceTree = "<group>"; };
		9BCD1EA31EAA5F3A00FD41B4 /* CommonEnum.h */ = {isa = PBXFileReference; fileEncoding = 4; lastKnownFileType = sourcecode.c.h; path = CommonEnum.h; sourceTree = "<group>"; };
		9BCD1EA41EAA5F3A00FD41B4 /* PrinterFunctions.h */ = {isa = PBXFileReference; fileEncoding = 4; lastKnownFileType = sourcecode.c.h; path = PrinterFunctions.h; sourceTree = "<group>"; };
		9BCD1EA51EAA5F3A00FD41B4 /* PrinterFunctions.m */ = {isa = PBXFileReference; fileEncoding = 4; lastKnownFileType = sourcecode.c.objc; path = PrinterFunctions.m; sourceTree = "<group>"; };
		9BCD1EA61EAA5F3A00FD41B4 /* RasterDocument.h */ = {isa = PBXFileReference; fileEncoding = 4; lastKnownFileType = sourcecode.c.h; path = RasterDocument.h; sourceTree = "<group>"; };
		9BCD1EA71EAA5F3A00FD41B4 /* RasterDocument.m */ = {isa = PBXFileReference; fileEncoding = 4; lastKnownFileType = sourcecode.c.objc; path = RasterDocument.m; sourceTree = "<group>"; };
		9BCD1EA81EAA5F3A00FD41B4 /* StarBitmap.h */ = {isa = PBXFileReference; fileEncoding = 4; lastKnownFileType = sourcecode.c.h; path = StarBitmap.h; sourceTree = "<group>"; };
		9BCD1EA91EAA5F3A00FD41B4 /* StarBitmap.m */ = {isa = PBXFileReference; fileEncoding = 4; lastKnownFileType = sourcecode.c.objc; path = StarBitmap.m; sourceTree = "<group>"; };
		9BCD1EB31EAA636000FD41B4 /* CoreBluetooth.framework */ = {isa = PBXFileReference; lastKnownFileType = wrapper.framework; name = CoreBluetooth.framework; path = System/Library/Frameworks/CoreBluetooth.framework; sourceTree = SDKROOT; };
		9BCD1EB51EAA639000FD41B4 /* ExternalAccessory.framework */ = {isa = PBXFileReference; lastKnownFileType = wrapper.framework; name = ExternalAccessory.framework; path = System/Library/Frameworks/ExternalAccessory.framework; sourceTree = SDKROOT; };
/* End PBXFileReference section */

/* Begin PBXFrameworksBuildPhase section */
		9BB160AD1EA9F25000F999AF /* Frameworks */ = {
			isa = PBXFrameworksBuildPhase;
			buildActionMask = 2147483647;
			files = (
				9BCD1EB61EAA639000FD41B4 /* ExternalAccessory.framework in Frameworks */,
				9BCD1EB41EAA636000FD41B4 /* CoreBluetooth.framework in Frameworks */,
				9BCD1E8F1EAA5EB400FD41B4 /* StarIO.framework in Frameworks */,
				9BCD1E8E1EAA5EB400FD41B4 /* SMCloudServices.framework in Frameworks */,
				9BCD1E901EAA5EB400FD41B4 /* StarIO_Extension.framework in Frameworks */,
			);
			runOnlyForDeploymentPostprocessing = 0;
		};
/* End PBXFrameworksBuildPhase section */

/* Begin PBXGroup section */
		9BB160A71EA9F25000F999AF = {
			isa = PBXGroup;
			children = (
				9BCD1E891EAA5E4400FD41B4 /* YinYang.pdf */,
				9BB160B21EA9F25000F999AF /* RNPrintPDF */,
				9BCD1EA21EAA5F3A00FD41B4 /* PrinterFunctions */,
				9BCD1E911EAA5EF700FD41B4 /* UIImage+PDF */,
				9BCD1E8A1EAA5EB300FD41B4 /* Frameworks */,
				9BB160B11EA9F25000F999AF /* Products */,
			);
			sourceTree = "<group>";
		};
		9BB160B11EA9F25000F999AF /* Products */ = {
			isa = PBXGroup;
			children = (
				9BB160B01EA9F25000F999AF /* libRNPrintPDF.a */,
			);
			name = Products;
			sourceTree = "<group>";
		};
		9BB160B21EA9F25000F999AF /* RNPrintPDF */ = {
			isa = PBXGroup;
			children = (
				9BB160B31EA9F25000F999AF /* RNPrintPDF.h */,
				9BB160B51EA9F25000F999AF /* RNPrintPDF.m */,
			);
			path = RNPrintPDF;
			sourceTree = "<group>";
		};
		9BCD1E8A1EAA5EB300FD41B4 /* Frameworks */ = {
			isa = PBXGroup;
			children = (
				9BCD1EB51EAA639000FD41B4 /* ExternalAccessory.framework */,
				9BCD1EB31EAA636000FD41B4 /* CoreBluetooth.framework */,
				9BCD1E8B1EAA5EB300FD41B4 /* SMCloudServices.framework */,
				9BCD1E8C1EAA5EB300FD41B4 /* StarIO.framework */,
				9BCD1E8D1EAA5EB400FD41B4 /* StarIO_Extension.framework */,
			);
			path = Frameworks;
			sourceTree = "<group>";
		};
		9BCD1E911EAA5EF700FD41B4 /* UIImage+PDF */ = {
			isa = PBXGroup;
			children = (
				9BCD1E931EAA5EF700FD41B4 /* NSData+MD5.h */,
				9BCD1E941EAA5EF700FD41B4 /* NSData+MD5.m */,
				9BCD1E951EAA5EF700FD41B4 /* NSString+MD5.h */,
				9BCD1E961EAA5EF700FD41B4 /* NSString+MD5.m */,
				9BCD1E971EAA5EF700FD41B4 /* PDFView.h */,
				9BCD1E981EAA5EF700FD41B4 /* PDFView.m */,
				9BCD1E991EAA5EF700FD41B4 /* UIImage+PDF.h */,
				9BCD1E9A1EAA5EF700FD41B4 /* UIImage+PDF.m */,
				9BCD1E9B1EAA5EF700FD41B4 /* UIView+Image.h */,
				9BCD1E9C1EAA5EF700FD41B4 /* UIView+Image.m */,
			);
			path = "UIImage+PDF";
			sourceTree = "<group>";
		};
		9BCD1EA21EAA5F3A00FD41B4 /* PrinterFunctions */ = {
			isa = PBXGroup;
			children = (
				9BCD1EA31EAA5F3A00FD41B4 /* CommonEnum.h */,
				9BCD1EA41EAA5F3A00FD41B4 /* PrinterFunctions.h */,
				9BCD1EA51EAA5F3A00FD41B4 /* PrinterFunctions.m */,
				9BCD1EA61EAA5F3A00FD41B4 /* RasterDocument.h */,
				9BCD1EA71EAA5F3A00FD41B4 /* RasterDocument.m */,
				9BCD1EA81EAA5F3A00FD41B4 /* StarBitmap.h */,
				9BCD1EA91EAA5F3A00FD41B4 /* StarBitmap.m */,
			);
			path = PrinterFunctions;
			sourceTree = "<group>";
		};
/* End PBXGroup section */

/* Begin PBXNativeTarget section */
		9BB160AF1EA9F25000F999AF /* RNPrintPDF */ = {
			isa = PBXNativeTarget;
			buildConfigurationList = 9BB160B91EA9F25000F999AF /* Build configuration list for PBXNativeTarget "RNPrintPDF" */;
			buildPhases = (
				9BB160AC1EA9F25000F999AF /* Sources */,
				9BB160AD1EA9F25000F999AF /* Frameworks */,
				9BB160AE1EA9F25000F999AF /* CopyFiles */,
			);
			buildRules = (
			);
			dependencies = (
			);
			name = RNPrintPDF;
			productName = RNPrintPDF;
			productReference = 9BB160B01EA9F25000F999AF /* libRNPrintPDF.a */;
			productType = "com.apple.product-type.library.static";
		};
/* End PBXNativeTarget section */

/* Begin PBXProject section */
		9BB160A81EA9F25000F999AF /* Project object */ = {
			isa = PBXProject;
			attributes = {
				LastUpgradeCheck = 0720;
				ORGANIZATIONNAME = maichong;
				TargetAttributes = {
					9BB160AF1EA9F25000F999AF = {
						CreatedOnToolsVersion = 7.2;
					};
				};
			};
			buildConfigurationList = 9BB160AB1EA9F25000F999AF /* Build configuration list for PBXProject "RNPrintPDF" */;
			compatibilityVersion = "Xcode 3.2";
			developmentRegion = English;
			hasScannedForEncodings = 0;
			knownRegions = (
				en,
			);
			mainGroup = 9BB160A71EA9F25000F999AF;
			productRefGroup = 9BB160B11EA9F25000F999AF /* Products */;
			projectDirPath = "";
			projectRoot = "";
			targets = (
				9BB160AF1EA9F25000F999AF /* RNPrintPDF */,
			);
		};
/* End PBXProject section */

/* Begin PBXSourcesBuildPhase section */
		9BB160AC1EA9F25000F999AF /* Sources */ = {
			isa = PBXSourcesBuildPhase;
			buildActionMask = 2147483647;
			files = (
				9BCD1EA01EAA5EF700FD41B4 /* UIImage+PDF.m in Sources */,
				9BCD1E9E1EAA5EF700FD41B4 /* NSString+MD5.m in Sources */,
				9BCD1EAC1EAA5F3A00FD41B4 /* StarBitmap.m in Sources */,
				9BCD1E9F1EAA5EF700FD41B4 /* PDFView.m in Sources */,
				9BCD1EAB1EAA5F3A00FD41B4 /* RasterDocument.m in Sources */,
				9BB160B61EA9F25000F999AF /* RNPrintPDF.m in Sources */,
				9BCD1EA11EAA5EF700FD41B4 /* UIView+Image.m in Sources */,
				9BCD1E9D1EAA5EF700FD41B4 /* NSData+MD5.m in Sources */,
				9BCD1EAA1EAA5F3A00FD41B4 /* PrinterFunctions.m in Sources */,
			);
			runOnlyForDeploymentPostprocessing = 0;
		};
/* End PBXSourcesBuildPhase section */

/* Begin XCBuildConfiguration section */
		9BB160B71EA9F25000F999AF /* Debug */ = {
			isa = XCBuildConfiguration;
			buildSettings = {
				ALWAYS_SEARCH_USER_PATHS = NO;
				CLANG_CXX_LANGUAGE_STANDARD = "gnu++0x";
				CLANG_CXX_LIBRARY = "libc++";
				CLANG_ENABLE_MODULES = YES;
				CLANG_ENABLE_OBJC_ARC = YES;
				CLANG_WARN_BOOL_CONVERSION = YES;
				CLANG_WARN_CONSTANT_CONVERSION = YES;
				CLANG_WARN_DIRECT_OBJC_ISA_USAGE = YES_ERROR;
				CLANG_WARN_EMPTY_BODY = YES;
				CLANG_WARN_ENUM_CONVERSION = YES;
				CLANG_WARN_INT_CONVERSION = YES;
				CLANG_WARN_OBJC_ROOT_CLASS = YES_ERROR;
				CLANG_WARN_UNREACHABLE_CODE = YES;
				CLANG_WARN__DUPLICATE_METHOD_MATCH = YES;
				"CODE_SIGN_IDENTITY[sdk=iphoneos*]" = "iPhone Developer";
				COPY_PHASE_STRIP = NO;
				DEBUG_INFORMATION_FORMAT = dwarf;
				ENABLE_STRICT_OBJC_MSGSEND = YES;
				ENABLE_TESTABILITY = YES;
				GCC_C_LANGUAGE_STANDARD = gnu99;
				GCC_DYNAMIC_NO_PIC = NO;
				GCC_NO_COMMON_BLOCKS = YES;
				GCC_OPTIMIZATION_LEVEL = 0;
				GCC_PREPROCESSOR_DEFINITIONS = (
					"DEBUG=1",
					"$(inherited)",
				);
				GCC_WARN_64_TO_32_BIT_CONVERSION = YES;
				GCC_WARN_ABOUT_RETURN_TYPE = YES_ERROR;
				GCC_WARN_UNDECLARED_SELECTOR = YES;
				GCC_WARN_UNINITIALIZED_AUTOS = YES_AGGRESSIVE;
				GCC_WARN_UNUSED_FUNCTION = YES;
				GCC_WARN_UNUSED_VARIABLE = YES;
				IPHONEOS_DEPLOYMENT_TARGET = 9.2;
				MTL_ENABLE_DEBUG_INFO = YES;
				ONLY_ACTIVE_ARCH = YES;
				SDKROOT = iphoneos;
			};
			name = Debug;
		};
		9BB160B81EA9F25000F999AF /* Release */ = {
			isa = XCBuildConfiguration;
			buildSettings = {
				ALWAYS_SEARCH_USER_PATHS = NO;
				CLANG_CXX_LANGUAGE_STANDARD = "gnu++0x";
				CLANG_CXX_LIBRARY = "libc++";
				CLANG_ENABLE_MODULES = YES;
				CLANG_ENABLE_OBJC_ARC = YES;
				CLANG_WARN_BOOL_CONVERSION = YES;
				CLANG_WARN_CONSTANT_CONVERSION = YES;
				CLANG_WARN_DIRECT_OBJC_ISA_USAGE = YES_ERROR;
				CLANG_WARN_EMPTY_BODY = YES;
				CLANG_WARN_ENUM_CONVERSION = YES;
				CLANG_WARN_INT_CONVERSION = YES;
				CLANG_WARN_OBJC_ROOT_CLASS = YES_ERROR;
				CLANG_WARN_UNREACHABLE_CODE = YES;
				CLANG_WARN__DUPLICATE_METHOD_MATCH = YES;
				"CODE_SIGN_IDENTITY[sdk=iphoneos*]" = "iPhone Developer";
				COPY_PHASE_STRIP = NO;
				DEBUG_INFORMATION_FORMAT = "dwarf-with-dsym";
				ENABLE_NS_ASSERTIONS = NO;
				ENABLE_STRICT_OBJC_MSGSEND = YES;
				GCC_C_LANGUAGE_STANDARD = gnu99;
				GCC_NO_COMMON_BLOCKS = YES;
				GCC_WARN_64_TO_32_BIT_CONVERSION = YES;
				GCC_WARN_ABOUT_RETURN_TYPE = YES_ERROR;
				GCC_WARN_UNDECLARED_SELECTOR = YES;
				GCC_WARN_UNINITIALIZED_AUTOS = YES_AGGRESSIVE;
				GCC_WARN_UNUSED_FUNCTION = YES;
				GCC_WARN_UNUSED_VARIABLE = YES;
				IPHONEOS_DEPLOYMENT_TARGET = 9.2;
				MTL_ENABLE_DEBUG_INFO = NO;
				SDKROOT = iphoneos;
				VALIDATE_PRODUCT = YES;
			};
			name = Release;
		};
		9BB160BA1EA9F25000F999AF /* Debug */ = {
			isa = XCBuildConfiguration;
			buildSettings = {
				FRAMEWORK_SEARCH_PATHS = (
					"$(inherited)",
					"$(PROJECT_DIR)/Frameworks",
				);
				HEADER_SEARCH_PATHS = (
					"$(SRCROOT)/../../../node_modules/react-native/React",
					"/**",
					"$(SRCROOT)/../../../React/**",
					"$(SRCROOT)/../../react-native/Libraries/**",
					"$(SRCROOT)/../../react-native/React/**",
				);
				OTHER_LDFLAGS = "-ObjC";
				PRODUCT_NAME = "$(TARGET_NAME)";
				SKIP_INSTALL = YES;
			};
			name = Debug;
		};
		9BB160BB1EA9F25000F999AF /* Release */ = {
			isa = XCBuildConfiguration;
			buildSettings = {
				FRAMEWORK_SEARCH_PATHS = (
					"$(inherited)",
					"$(PROJECT_DIR)/Frameworks",
				);
				HEADER_SEARCH_PATHS = (
					"$(SRCROOT)/../../../node_modules/react-native/React",
					"/**",
					"$(SRCROOT)/../../../React/**",
					"$(SRCROOT)/../../react-native/Libraries/**",
					"$(SRCROOT)/../../react-native/React/**",
				);
				OTHER_LDFLAGS = "-ObjC";
				PRODUCT_NAME = "$(TARGET_NAME)";
				SKIP_INSTALL = YES;
			};
			name = Release;
		};
/* End XCBuildConfiguration section */

/* Begin XCConfigurationList section */
		9BB160AB1EA9F25000F999AF /* Build configuration list for PBXProject "RNPrintPDF" */ = {
			isa = XCConfigurationList;
			buildConfigurations = (
				9BB160B71EA9F25000F999AF /* Debug */,
				9BB160B81EA9F25000F999AF /* Release */,
			);
			defaultConfigurationIsVisible = 0;
			defaultConfigurationName = Release;
		};
		9BB160B91EA9F25000F999AF /* Build configuration list for PBXNativeTarget "RNPrintPDF" */ = {
			isa = XCConfigurationList;
			buildConfigurations = (
				9BB160BA1EA9F25000F999AF /* Debug */,
				9BB160BB1EA9F25000F999AF /* Release */,
			);
			defaultConfigurationIsVisible = 0;
			defaultConfigurationName = Release;
		};
/* End XCConfigurationList section */
	};
	rootObject = 9BB160A81EA9F25000F999AF /* Project object */;
}
